{
    "name": "universal-demo",
    "version": "0.0.0",
    "lockfileVersion": 1,
    "requires": true,
    "dependencies": {
        "commander": {
            "version": "2.11.0",
            "resolved": "http://nuget.europlan.ru/npm/npm/commander/-/commander-2.11.0.tgz",
            "integrity": "sha1-FXFS/R56bI2YpbcVzzdt+SgARWM="
        },
        "source-map": {
            "version": "0.6.1",
            "resolved": "http://nuget.europlan.ru/npm/npm/source-map/-/source-map-0.6.1.tgz",
            "integrity": "sha1-dHIq8y6WFOnCh6jQu95IteLxomM="
        },
        "uglify-es": {
            "version": "3.1.9",
            "resolved": "http://nuget.europlan.ru/npm/npm/uglify-es/-/uglify-es-3.1.9.tgz",
            "integrity": "sha1-bILfYorJ63r5xh/XDHRKCEq+YWE=",
            "requires": {
                "commander": "2.11.0",
                "source-map": "0.6.1"
            }
        }
    }
}
